// !$*UTF8*$!
{
	archiveVersion = 1;
	classes = {
	};
	objectVersion = 48;
	objects = {

/* Begin PBXBuildFile section */
		07F50D872B10F691BD53E7FC /* Pods_Party_DJTests.framework in Frameworks */ = {isa = PBXBuildFile; fileRef = DBEE18F3E24D4F97FCDDBBD8 /* Pods_Party_DJTests.framework */; };
		7A545CE8D68A459AE3BBE4D6 /* Pods_Party_DJUITests.framework in Frameworks */ = {isa = PBXBuildFile; fileRef = D0B39170085FB9B56D350175 /* Pods_Party_DJUITests.framework */; };
		98660EF277029DEB4D06CDA2 /* Pods_Party_DJ.framework in Frameworks */ = {isa = PBXBuildFile; fileRef = AF34A303F4A23E14A8BB249F /* Pods_Party_DJ.framework */; };
		FE05CBE71FC914330028FF9C /* AppDelegate.swift in Sources */ = {isa = PBXBuildFile; fileRef = FE05CBE61FC914330028FF9C /* AppDelegate.swift */; };
		FE05CBE91FC914330028FF9C /* ViewController.swift in Sources */ = {isa = PBXBuildFile; fileRef = FE05CBE81FC914330028FF9C /* ViewController.swift */; };
		FE05CBEC1FC914330028FF9C /* Main.storyboard in Resources */ = {isa = PBXBuildFile; fileRef = FE05CBEA1FC914330028FF9C /* Main.storyboard */; };
		FE05CBEE1FC914330028FF9C /* Assets.xcassets in Resources */ = {isa = PBXBuildFile; fileRef = FE05CBED1FC914330028FF9C /* Assets.xcassets */; };
		FE05CBF11FC914330028FF9C /* LaunchScreen.storyboard in Resources */ = {isa = PBXBuildFile; fileRef = FE05CBEF1FC914330028FF9C /* LaunchScreen.storyboard */; };
		FE05CBFC1FC914330028FF9C /* Party_DJTests.swift in Sources */ = {isa = PBXBuildFile; fileRef = FE05CBFB1FC914330028FF9C /* Party_DJTests.swift */; };
		FE05CC071FC914330028FF9C /* Party_DJUITests.swift in Sources */ = {isa = PBXBuildFile; fileRef = FE05CC061FC914330028FF9C /* Party_DJUITests.swift */; };
		FE05CC511FC91AFF0028FF9C /* LoginViewController.swift in Sources */ = {isa = PBXBuildFile; fileRef = FE05CC501FC91AFF0028FF9C /* LoginViewController.swift */; };
		FE05CC531FC9218D0028FF9C /* GIF.swift in Sources */ = {isa = PBXBuildFile; fileRef = FE05CC521FC9218D0028FF9C /* GIF.swift */; };
		FE05CC551FC922280028FF9C /* APIManager.swift in Sources */ = {isa = PBXBuildFile; fileRef = FE05CC541FC922280028FF9C /* APIManager.swift */; };
		FE05CC691FC925590028FF9C /* SpotifyMetadata.framework in Frameworks */ = {isa = PBXBuildFile; fileRef = FE05CC661FC925590028FF9C /* SpotifyMetadata.framework */; };
		FE05CC6A1FC925590028FF9C /* SpotifyAuthentication.framework in Frameworks */ = {isa = PBXBuildFile; fileRef = FE05CC671FC925590028FF9C /* SpotifyAuthentication.framework */; };
		FE05CC6B1FC925590028FF9C /* SpotifyAudioPlayback.framework in Frameworks */ = {isa = PBXBuildFile; fileRef = FE05CC681FC925590028FF9C /* SpotifyAudioPlayback.framework */; };
		FE05CC701FCA599D0028FF9C /* concert.gif in Resources */ = {isa = PBXBuildFile; fileRef = FE05CC6F1FCA599C0028FF9C /* concert.gif */; };
		FE05CC7F1FCA615C0028FF9C /* giphy (2).gif in Resources */ = {isa = PBXBuildFile; fileRef = FE05CC791FCA615C0028FF9C /* giphy (2).gif */; };
		FE05CC801FCA615C0028FF9C /* giphy (3).gif in Resources */ = {isa = PBXBuildFile; fileRef = FE05CC7A1FCA615C0028FF9C /* giphy (3).gif */; };
		FE05CC821FCA62D30028FF9C /* download.jpeg in Resources */ = {isa = PBXBuildFile; fileRef = FE05CC811FCA62D20028FF9C /* download.jpeg */; };
		FE05CC841FCA66C50028FF9C /* concert2.gif in Resources */ = {isa = PBXBuildFile; fileRef = FE05CC831FCA66C50028FF9C /* concert2.gif */; };
		FE0D429C1FCDF5A400E2FCBD /* PlaylistViewController.swift in Sources */ = {isa = PBXBuildFile; fileRef = FE0D429B1FCDF5A400E2FCBD /* PlaylistViewController.swift */; };
		FE26ACE11FD65AF2001B3833 /* JoinController.swift in Sources */ = {isa = PBXBuildFile; fileRef = FE26ACE01FD65AF2001B3833 /* JoinController.swift */; };
		FE26ACEE1FD67083001B3833 /* 5ca71cd1-4d1a-4b59-bbf1-00bf0540379b.jpg in Resources */ = {isa = PBXBuildFile; fileRef = FE26ACED1FD67080001B3833 /* 5ca71cd1-4d1a-4b59-bbf1-00bf0540379b.jpg */; };
		FE26ACF01FD6708D001B3833 /* PlayButton.png in Resources */ = {isa = PBXBuildFile; fileRef = FE26ACEF1FD6708B001B3833 /* PlayButton.png */; };
		FE26ACF21FD671BC001B3833 /* addButton.jpg in Resources */ = {isa = PBXBuildFile; fileRef = FE26ACF11FD671BC001B3833 /* addButton.jpg */; };
		FE26ACF41FD671D6001B3833 /* nextButton.png in Resources */ = {isa = PBXBuildFile; fileRef = FE26ACF31FD671D6001B3833 /* nextButton.png */; };
		FE26ACF61FD671EF001B3833 /* prevButton.png in Resources */ = {isa = PBXBuildFile; fileRef = FE26ACF51FD671EE001B3833 /* prevButton.png */; };
		FE65A78E1FCB8618002B9ACE /* Queue.swift in Sources */ = {isa = PBXBuildFile; fileRef = FE65A78D1FCB8618002B9ACE /* Queue.swift */; };
		FE65A79A1FCB863E002B9ACE /* Track.swift in Sources */ = {isa = PBXBuildFile; fileRef = FE65A7991FCB863E002B9ACE /* Track.swift */; };
		FE65A79C1FCB8677002B9ACE /* Quicksort.swift in Sources */ = {isa = PBXBuildFile; fileRef = FE65A79B1FCB8677002B9ACE /* Quicksort.swift */; };
		FE65A79D1FCB8BC3002B9ACE /* Pods_Party_DJ.framework in Frameworks */ = {isa = PBXBuildFile; fileRef = FEEDE3AC1FCB7D2600679B2E /* Pods_Party_DJ.framework */; };
		FE65A79E1FCB8BC3002B9ACE /* Pods_Party_DJ.framework in Embed Frameworks */ = {isa = PBXBuildFile; fileRef = FEEDE3AC1FCB7D2600679B2E /* Pods_Party_DJ.framework */; settings = {ATTRIBUTES = (CodeSignOnCopy, RemoveHeadersOnCopy, ); }; };
		FE65A7A41FCB9C5E002B9ACE /* welcomeViewController.swift in Sources */ = {isa = PBXBuildFile; fileRef = FE65A7A31FCB9C5E002B9ACE /* welcomeViewController.swift */; };
		FE65A7AD1FCB9C9D002B9ACE /* createHomeViewController.swift in Sources */ = {isa = PBXBuildFile; fileRef = FE65A7AC1FCB9C9D002B9ACE /* createHomeViewController.swift */; };
		FE65A7B11FCB9D87002B9ACE /* TrackCell.swift in Sources */ = {isa = PBXBuildFile; fileRef = FE65A7B01FCB9D87002B9ACE /* TrackCell.swift */; };
		FE65A7C01FCB9DCD002B9ACE /* Album.swift in Sources */ = {isa = PBXBuildFile; fileRef = FE65A7BF1FCB9DCD002B9ACE /* Album.swift */; };
		FE65A7C21FCB9E0B002B9ACE /* AlbumViewController.swift in Sources */ = {isa = PBXBuildFile; fileRef = FE65A7C11FCB9E0B002B9ACE /* AlbumViewController.swift */; };
		FE65A7C41FCB9E4E002B9ACE /* ArtistViewController.swift in Sources */ = {isa = PBXBuildFile; fileRef = FE65A7C31FCB9E4E002B9ACE /* ArtistViewController.swift */; };
		FE65A7C61FCB9E78002B9ACE /* Artist.swift in Sources */ = {isa = PBXBuildFile; fileRef = FE65A7C51FCB9E78002B9ACE /* Artist.swift */; };
		FE65A7CE1FCB9F13002B9ACE /* AlbumCell.swift in Sources */ = {isa = PBXBuildFile; fileRef = FE65A7C71FCB9F11002B9ACE /* AlbumCell.swift */; };
		FE65A7CF1FCB9F13002B9ACE /* UserCell.swift in Sources */ = {isa = PBXBuildFile; fileRef = FE65A7C81FCB9F11002B9ACE /* UserCell.swift */; };
		FE65A7D01FCB9F13002B9ACE /* ShareCell.swift in Sources */ = {isa = PBXBuildFile; fileRef = FE65A7C91FCB9F11002B9ACE /* ShareCell.swift */; };
		FE65A7D11FCB9F13002B9ACE /* AlbumResultCell.swift in Sources */ = {isa = PBXBuildFile; fileRef = FE65A7CA1FCB9F12002B9ACE /* AlbumResultCell.swift */; };
		FE65A7D21FCB9F13002B9ACE /* SearchResultCell.swift in Sources */ = {isa = PBXBuildFile; fileRef = FE65A7CB1FCB9F12002B9ACE /* SearchResultCell.swift */; };
		FE65A7D31FCB9F13002B9ACE /* InviteCell.swift in Sources */ = {isa = PBXBuildFile; fileRef = FE65A7CC1FCB9F12002B9ACE /* InviteCell.swift */; };
		FE65A7D41FCB9F13002B9ACE /* ArtistResultCell.swift in Sources */ = {isa = PBXBuildFile; fileRef = FE65A7CD1FCB9F13002B9ACE /* ArtistResultCell.swift */; };
		FE65A7D81FCBA36E002B9ACE /* CreateViewController.swift in Sources */ = {isa = PBXBuildFile; fileRef = FE65A7D71FCBA36E002B9ACE /* CreateViewController.swift */; };
		FE65A7DA1FCBA439002B9ACE /* SearchViewController.swift in Sources */ = {isa = PBXBuildFile; fileRef = FE65A7D91FCBA439002B9ACE /* SearchViewController.swift */; };
		FE65A7DC1FCBBDF1002B9ACE /* background.jpg in Resources */ = {isa = PBXBuildFile; fileRef = FE65A7DB1FCBBDF0002B9ACE /* background.jpg */; };
		FE65A7DE1FCBCA34002B9ACE /* person.png in Resources */ = {isa = PBXBuildFile; fileRef = FE65A7DD1FCBCA34002B9ACE /* person.png */; };
		FE65A7E01FCBCC14002B9ACE /* icon.png in Resources */ = {isa = PBXBuildFile; fileRef = FE65A7DF1FCBCC13002B9ACE /* icon.png */; };
		FE65A7E21FCBCD93002B9ACE /* icon copy.png in Resources */ = {isa = PBXBuildFile; fileRef = FE65A7E11FCBCD91002B9ACE /* icon copy.png */; };
		FE93AB941FD6F01100614B88 /* concert2.gif in Resources */ = {isa = PBXBuildFile; fileRef = FE93AB931FD6F01100614B88 /* concert2.gif */; };
		FE93AB961FD6FD4500614B88 /* 48 [Converted].png in Resources */ = {isa = PBXBuildFile; fileRef = FE93AB951FD6FD4100614B88 /* 48 [Converted].png */; };
		FEEDE2201FCA6B6A00679B2E /* e724ce6c-3a6f-42f4-9cd2-685d36643e32.png in Resources */ = {isa = PBXBuildFile; fileRef = FEEDE2181FCA6B6A00679B2E /* e724ce6c-3a6f-42f4-9cd2-685d36643e32.png */; };
		FEEDE2611FCA8AE100679B2E /* User.swift in Sources */ = {isa = PBXBuildFile; fileRef = FEEDE2601FCA8AE100679B2E /* User.swift */; };
/* End PBXBuildFile section */

/* Begin PBXContainerItemProxy section */
		FE05CBF81FC914330028FF9C /* PBXContainerItemProxy */ = {
			isa = PBXContainerItemProxy;
			containerPortal = FE05CBDB1FC914330028FF9C /* Project object */;
			proxyType = 1;
			remoteGlobalIDString = FE05CBE21FC914330028FF9C;
			remoteInfo = "Party-DJ";
		};
		FE05CC031FC914330028FF9C /* PBXContainerItemProxy */ = {
			isa = PBXContainerItemProxy;
			containerPortal = FE05CBDB1FC914330028FF9C /* Project object */;
			proxyType = 1;
			remoteGlobalIDString = FE05CBE21FC914330028FF9C;
			remoteInfo = "Party-DJ";
		};
		FE65A7971FCB8619002B9ACE /* PBXContainerItemProxy */ = {
			isa = PBXContainerItemProxy;
			containerPortal = FEEDE3991FCB7D2600679B2E /* Pods.xcodeproj */;
			proxyType = 2;
			remoteGlobalIDString = 5E01CB62B12BF3373E811423CE386557;
			remoteInfo = SkyFloatingLabelTextField;
		};
		FE65A79F1FCB8BC3002B9ACE /* PBXContainerItemProxy */ = {
			isa = PBXContainerItemProxy;
			containerPortal = FEEDE3991FCB7D2600679B2E /* Pods.xcodeproj */;
			proxyType = 1;
			remoteGlobalIDString = 977EE5A11FB79B8AC096CF19453C7B5E;
			remoteInfo = "Pods-Party-DJ";
		};
		FE65A7BB1FCB9D88002B9ACE /* PBXContainerItemProxy */ = {
			isa = PBXContainerItemProxy;
			containerPortal = FEEDE3991FCB7D2600679B2E /* Pods.xcodeproj */;
			proxyType = 2;
			remoteGlobalIDString = D2F767F91B634CE5711DE3E883239212;
			remoteInfo = MarqueeLabel;
		};
		FE65A7BD1FCB9D88002B9ACE /* PBXContainerItemProxy */ = {
			isa = PBXContainerItemProxy;
			containerPortal = FEEDE3991FCB7D2600679B2E /* Pods.xcodeproj */;
			proxyType = 2;
			remoteGlobalIDString = 48C8A1B25850670F2F4E167B81660B40;
			remoteInfo = SwipeCellKit;
		};
		FEEDE3A31FCB7D2600679B2E /* PBXContainerItemProxy */ = {
			isa = PBXContainerItemProxy;
			containerPortal = FEEDE3991FCB7D2600679B2E /* Pods.xcodeproj */;
			proxyType = 2;
			remoteGlobalIDString = AF6617123A8B89FAD4DF0E66261F6ADB;
			remoteInfo = Alamofire;
		};
		FEEDE3A51FCB7D2600679B2E /* PBXContainerItemProxy */ = {
			isa = PBXContainerItemProxy;
			containerPortal = FEEDE3991FCB7D2600679B2E /* Pods.xcodeproj */;
			proxyType = 2;
			remoteGlobalIDString = 5013A28DCBC0A458994A3BD338ECC3D1;
			remoteInfo = AlamofireImage;
		};
		FEEDE3A71FCB7D2600679B2E /* PBXContainerItemProxy */ = {
			isa = PBXContainerItemProxy;
			containerPortal = FEEDE3991FCB7D2600679B2E /* Pods.xcodeproj */;
			proxyType = 2;
			remoteGlobalIDString = E56B776F6E4254E71E1F6426E5D89A9D;
			remoteInfo = Bolts;
		};
		FEEDE3A91FCB7D2600679B2E /* PBXContainerItemProxy */ = {
			isa = PBXContainerItemProxy;
			containerPortal = FEEDE3991FCB7D2600679B2E /* Pods.xcodeproj */;
			proxyType = 2;
			remoteGlobalIDString = 08B0D1E4735F20CB311C31339535461B;
			remoteInfo = Parse;
		};
		FEEDE3AB1FCB7D2600679B2E /* PBXContainerItemProxy */ = {
			isa = PBXContainerItemProxy;
			containerPortal = FEEDE3991FCB7D2600679B2E /* Pods.xcodeproj */;
			proxyType = 2;
			remoteGlobalIDString = 6EF5C0655EB1B013D2CF52521B274522;
			remoteInfo = "Pods-Party-DJ";
		};
		FEEDE3AD1FCB7D2600679B2E /* PBXContainerItemProxy */ = {
			isa = PBXContainerItemProxy;
			containerPortal = FEEDE3991FCB7D2600679B2E /* Pods.xcodeproj */;
			proxyType = 2;
			remoteGlobalIDString = 5D74561459D604D1A650C51B5ADAA0AD;
			remoteInfo = "Pods-Party-DJTests";
		};
		FEEDE3AF1FCB7D2600679B2E /* PBXContainerItemProxy */ = {
			isa = PBXContainerItemProxy;
			containerPortal = FEEDE3991FCB7D2600679B2E /* Pods.xcodeproj */;
			proxyType = 2;
			remoteGlobalIDString = 61DEB638DAF5844987DB9E301826879E;
			remoteInfo = "Pods-Party-DJUITests";
		};
/* End PBXContainerItemProxy section */

/* Begin PBXCopyFilesBuildPhase section */
		FEEDE32B1FCB781100679B2E /* Embed Frameworks */ = {
			isa = PBXCopyFilesBuildPhase;
			buildActionMask = 2147483647;
			dstPath = "";
			dstSubfolderSpec = 10;
			files = (
				FE65A79E1FCB8BC3002B9ACE /* Pods_Party_DJ.framework in Embed Frameworks */,
			);
			name = "Embed Frameworks";
			runOnlyForDeploymentPostprocessing = 0;
		};
/* End PBXCopyFilesBuildPhase section */

/* Begin PBXFileReference section */
		00E3FE6E6EE9205B82697641 /* Pods-Party-DJUITests.release.xcconfig */ = {isa = PBXFileReference; includeInIndex = 1; lastKnownFileType = text.xcconfig; name = "Pods-Party-DJUITests.release.xcconfig"; path = "Pods/Target Support Files/Pods-Party-DJUITests/Pods-Party-DJUITests.release.xcconfig"; sourceTree = "<group>"; };
		3522E2FF45FA7D168F7E7C04 /* Pods-Party-DJUITests.debug.xcconfig */ = {isa = PBXFileReference; includeInIndex = 1; lastKnownFileType = text.xcconfig; name = "Pods-Party-DJUITests.debug.xcconfig"; path = "Pods/Target Support Files/Pods-Party-DJUITests/Pods-Party-DJUITests.debug.xcconfig"; sourceTree = "<group>"; };
		444C68B9010AD158BBB0A760 /* Pods-Party-DJ.release.xcconfig */ = {isa = PBXFileReference; includeInIndex = 1; lastKnownFileType = text.xcconfig; name = "Pods-Party-DJ.release.xcconfig"; path = "Pods/Target Support Files/Pods-Party-DJ/Pods-Party-DJ.release.xcconfig"; sourceTree = "<group>"; };
		879EC300E8B5C5AEC02560C8 /* Pods-Party-DJTests.debug.xcconfig */ = {isa = PBXFileReference; includeInIndex = 1; lastKnownFileType = text.xcconfig; name = "Pods-Party-DJTests.debug.xcconfig"; path = "Pods/Target Support Files/Pods-Party-DJTests/Pods-Party-DJTests.debug.xcconfig"; sourceTree = "<group>"; };
		A9EF95C656A85E74F9FA31C8 /* Pods-Party-DJ.debug.xcconfig */ = {isa = PBXFileReference; includeInIndex = 1; lastKnownFileType = text.xcconfig; name = "Pods-Party-DJ.debug.xcconfig"; path = "Pods/Target Support Files/Pods-Party-DJ/Pods-Party-DJ.debug.xcconfig"; sourceTree = "<group>"; };
		AB6FA75B47FEDE3373FFB52D /* Pods-Party-DJTests.release.xcconfig */ = {isa = PBXFileReference; includeInIndex = 1; lastKnownFileType = text.xcconfig; name = "Pods-Party-DJTests.release.xcconfig"; path = "Pods/Target Support Files/Pods-Party-DJTests/Pods-Party-DJTests.release.xcconfig"; sourceTree = "<group>"; };
		AF34A303F4A23E14A8BB249F /* Pods_Party_DJ.framework */ = {isa = PBXFileReference; explicitFileType = wrapper.framework; includeInIndex = 0; path = Pods_Party_DJ.framework; sourceTree = BUILT_PRODUCTS_DIR; };
		D0B39170085FB9B56D350175 /* Pods_Party_DJUITests.framework */ = {isa = PBXFileReference; explicitFileType = wrapper.framework; includeInIndex = 0; path = Pods_Party_DJUITests.framework; sourceTree = BUILT_PRODUCTS_DIR; };
		DBEE18F3E24D4F97FCDDBBD8 /* Pods_Party_DJTests.framework */ = {isa = PBXFileReference; explicitFileType = wrapper.framework; includeInIndex = 0; path = Pods_Party_DJTests.framework; sourceTree = BUILT_PRODUCTS_DIR; };
		FE05CBE31FC914330028FF9C /* Party-DJ.app */ = {isa = PBXFileReference; explicitFileType = wrapper.application; includeInIndex = 0; path = "Party-DJ.app"; sourceTree = BUILT_PRODUCTS_DIR; };
		FE05CBE61FC914330028FF9C /* AppDelegate.swift */ = {isa = PBXFileReference; lastKnownFileType = sourcecode.swift; path = AppDelegate.swift; sourceTree = "<group>"; };
		FE05CBE81FC914330028FF9C /* ViewController.swift */ = {isa = PBXFileReference; lastKnownFileType = sourcecode.swift; path = ViewController.swift; sourceTree = "<group>"; };
		FE05CBEB1FC914330028FF9C /* Base */ = {isa = PBXFileReference; lastKnownFileType = file.storyboard; name = Base; path = Base.lproj/Main.storyboard; sourceTree = "<group>"; };
		FE05CBED1FC914330028FF9C /* Assets.xcassets */ = {isa = PBXFileReference; lastKnownFileType = folder.assetcatalog; path = Assets.xcassets; sourceTree = "<group>"; };
		FE05CBF01FC914330028FF9C /* Base */ = {isa = PBXFileReference; lastKnownFileType = file.storyboard; name = Base; path = Base.lproj/LaunchScreen.storyboard; sourceTree = "<group>"; };
		FE05CBF21FC914330028FF9C /* Info.plist */ = {isa = PBXFileReference; lastKnownFileType = text.plist.xml; path = Info.plist; sourceTree = "<group>"; };
		FE05CBF71FC914330028FF9C /* Party-DJTests.xctest */ = {isa = PBXFileReference; explicitFileType = wrapper.cfbundle; includeInIndex = 0; path = "Party-DJTests.xctest"; sourceTree = BUILT_PRODUCTS_DIR; };
		FE05CBFB1FC914330028FF9C /* Party_DJTests.swift */ = {isa = PBXFileReference; lastKnownFileType = sourcecode.swift; path = Party_DJTests.swift; sourceTree = "<group>"; };
		FE05CBFD1FC914330028FF9C /* Info.plist */ = {isa = PBXFileReference; lastKnownFileType = text.plist.xml; path = Info.plist; sourceTree = "<group>"; };
		FE05CC021FC914330028FF9C /* Party-DJUITests.xctest */ = {isa = PBXFileReference; explicitFileType = wrapper.cfbundle; includeInIndex = 0; path = "Party-DJUITests.xctest"; sourceTree = BUILT_PRODUCTS_DIR; };
		FE05CC061FC914330028FF9C /* Party_DJUITests.swift */ = {isa = PBXFileReference; lastKnownFileType = sourcecode.swift; path = Party_DJUITests.swift; sourceTree = "<group>"; };
		FE05CC081FC914330028FF9C /* Info.plist */ = {isa = PBXFileReference; lastKnownFileType = text.plist.xml; path = Info.plist; sourceTree = "<group>"; };
		FE05CC151FC914C00028FF9C /* UIKit.framework */ = {isa = PBXFileReference; lastKnownFileType = wrapper.framework; name = UIKit.framework; path = System/Library/Frameworks/UIKit.framework; sourceTree = SDKROOT; };
		FE05CC161FC914C70028FF9C /* AVFoundation.framework */ = {isa = PBXFileReference; lastKnownFileType = wrapper.framework; name = AVFoundation.framework; path = System/Library/Frameworks/AVFoundation.framework; sourceTree = SDKROOT; };
		FE05CC171FC914F40028FF9C /* AudioToolbox.framework */ = {isa = PBXFileReference; lastKnownFileType = wrapper.framework; name = AudioToolbox.framework; path = System/Library/Frameworks/AudioToolbox.framework; sourceTree = SDKROOT; };
		FE05CC181FC915020028FF9C /* CoreGraphics.framework */ = {isa = PBXFileReference; lastKnownFileType = wrapper.framework; name = CoreGraphics.framework; path = System/Library/Frameworks/CoreGraphics.framework; sourceTree = SDKROOT; };
		FE05CC501FC91AFF0028FF9C /* LoginViewController.swift */ = {isa = PBXFileReference; fileEncoding = 4; lastKnownFileType = sourcecode.swift; path = LoginViewController.swift; sourceTree = "<group>"; };
		FE05CC521FC9218D0028FF9C /* GIF.swift */ = {isa = PBXFileReference; lastKnownFileType = sourcecode.swift; path = GIF.swift; sourceTree = "<group>"; };
		FE05CC541FC922280028FF9C /* APIManager.swift */ = {isa = PBXFileReference; lastKnownFileType = sourcecode.swift; path = APIManager.swift; sourceTree = "<group>"; };
		FE05CC661FC925590028FF9C /* SpotifyMetadata.framework */ = {isa = PBXFileReference; lastKnownFileType = wrapper.framework; name = SpotifyMetadata.framework; path = "../../Downloads/ios-sdk-master 3/SpotifyMetadata.framework"; sourceTree = "<group>"; };
		FE05CC671FC925590028FF9C /* SpotifyAuthentication.framework */ = {isa = PBXFileReference; lastKnownFileType = wrapper.framework; name = SpotifyAuthentication.framework; path = "../../Downloads/ios-sdk-master 3/SpotifyAuthentication.framework"; sourceTree = "<group>"; };
		FE05CC681FC925590028FF9C /* SpotifyAudioPlayback.framework */ = {isa = PBXFileReference; lastKnownFileType = wrapper.framework; path = SpotifyAudioPlayback.framework; sourceTree = "<group>"; };
		FE05CC6C1FC927DD0028FF9C /* Party-DJ-Bridging-Header.h */ = {isa = PBXFileReference; lastKnownFileType = sourcecode.c.h; path = "Party-DJ-Bridging-Header.h"; sourceTree = "<group>"; };
		FE05CC6F1FCA599C0028FF9C /* concert.gif */ = {isa = PBXFileReference; lastKnownFileType = image.gif; path = concert.gif; sourceTree = "<group>"; };
		FE05CC791FCA615C0028FF9C /* giphy (2).gif */ = {isa = PBXFileReference; lastKnownFileType = image.gif; path = "giphy (2).gif"; sourceTree = "<group>"; };
		FE05CC7A1FCA615C0028FF9C /* giphy (3).gif */ = {isa = PBXFileReference; lastKnownFileType = image.gif; path = "giphy (3).gif"; sourceTree = "<group>"; };
		FE05CC811FCA62D20028FF9C /* download.jpeg */ = {isa = PBXFileReference; lastKnownFileType = image.jpeg; path = download.jpeg; sourceTree = "<group>"; };
		FE05CC831FCA66C50028FF9C /* concert2.gif */ = {isa = PBXFileReference; lastKnownFileType = image.gif; name = concert2.gif; path = ../../Documents/concert2.gif; sourceTree = "<group>"; };
		FE0D429B1FCDF5A400E2FCBD /* PlaylistViewController.swift */ = {isa = PBXFileReference; lastKnownFileType = sourcecode.swift; path = PlaylistViewController.swift; sourceTree = "<group>"; };
		FE26ACE01FD65AF2001B3833 /* JoinController.swift */ = {isa = PBXFileReference; lastKnownFileType = sourcecode.swift; path = JoinController.swift; sourceTree = "<group>"; };
		FE26ACED1FD67080001B3833 /* 5ca71cd1-4d1a-4b59-bbf1-00bf0540379b.jpg */ = {isa = PBXFileReference; lastKnownFileType = image.jpeg; path = "5ca71cd1-4d1a-4b59-bbf1-00bf0540379b.jpg"; sourceTree = "<group>"; };
		FE26ACEF1FD6708B001B3833 /* PlayButton.png */ = {isa = PBXFileReference; lastKnownFileType = image.png; path = PlayButton.png; sourceTree = "<group>"; };
		FE26ACF11FD671BC001B3833 /* addButton.jpg */ = {isa = PBXFileReference; lastKnownFileType = image.jpeg; path = addButton.jpg; sourceTree = "<group>"; };
		FE26ACF31FD671D6001B3833 /* nextButton.png */ = {isa = PBXFileReference; lastKnownFileType = image.png; path = nextButton.png; sourceTree = "<group>"; };
		FE26ACF51FD671EE001B3833 /* prevButton.png */ = {isa = PBXFileReference; lastKnownFileType = image.png; path = prevButton.png; sourceTree = "<group>"; };
		FE26ACF81FD6EDF9001B3833 /* concert2.gif */ = {isa = PBXFileReference; lastKnownFileType = image.gif; path = concert2.gif; sourceTree = "<group>"; };
		FE65A78D1FCB8618002B9ACE /* Queue.swift */ = {isa = PBXFileReference; lastKnownFileType = sourcecode.swift; path = Queue.swift; sourceTree = "<group>"; };
		FE65A7991FCB863E002B9ACE /* Track.swift */ = {isa = PBXFileReference; lastKnownFileType = sourcecode.swift; path = Track.swift; sourceTree = "<group>"; };
		FE65A79B1FCB8677002B9ACE /* Quicksort.swift */ = {isa = PBXFileReference; lastKnownFileType = sourcecode.swift; path = Quicksort.swift; sourceTree = "<group>"; };
		FE65A7A31FCB9C5E002B9ACE /* welcomeViewController.swift */ = {isa = PBXFileReference; lastKnownFileType = sourcecode.swift; path = welcomeViewController.swift; sourceTree = "<group>"; };
		FE65A7AC1FCB9C9D002B9ACE /* createHomeViewController.swift */ = {isa = PBXFileReference; lastKnownFileType = sourcecode.swift; path = createHomeViewController.swift; sourceTree = "<group>"; };
		FE65A7B01FCB9D87002B9ACE /* TrackCell.swift */ = {isa = PBXFileReference; lastKnownFileType = sourcecode.swift; path = TrackCell.swift; sourceTree = "<group>"; };
		FE65A7BF1FCB9DCD002B9ACE /* Album.swift */ = {isa = PBXFileReference; lastKnownFileType = sourcecode.swift; path = Album.swift; sourceTree = "<group>"; };
		FE65A7C11FCB9E0B002B9ACE /* AlbumViewController.swift */ = {isa = PBXFileReference; lastKnownFileType = sourcecode.swift; path = AlbumViewController.swift; sourceTree = "<group>"; };
		FE65A7C31FCB9E4E002B9ACE /* ArtistViewController.swift */ = {isa = PBXFileReference; lastKnownFileType = sourcecode.swift; path = ArtistViewController.swift; sourceTree = "<group>"; };
		FE65A7C51FCB9E78002B9ACE /* Artist.swift */ = {isa = PBXFileReference; lastKnownFileType = sourcecode.swift; path = Artist.swift; sourceTree = "<group>"; };
		FE65A7C71FCB9F11002B9ACE /* AlbumCell.swift */ = {isa = PBXFileReference; fileEncoding = 4; lastKnownFileType = sourcecode.swift; path = AlbumCell.swift; sourceTree = "<group>"; };
		FE65A7C81FCB9F11002B9ACE /* UserCell.swift */ = {isa = PBXFileReference; fileEncoding = 4; lastKnownFileType = sourcecode.swift; path = UserCell.swift; sourceTree = "<group>"; };
		FE65A7C91FCB9F11002B9ACE /* ShareCell.swift */ = {isa = PBXFileReference; fileEncoding = 4; lastKnownFileType = sourcecode.swift; path = ShareCell.swift; sourceTree = "<group>"; };
		FE65A7CA1FCB9F12002B9ACE /* AlbumResultCell.swift */ = {isa = PBXFileReference; fileEncoding = 4; lastKnownFileType = sourcecode.swift; path = AlbumResultCell.swift; sourceTree = "<group>"; };
		FE65A7CB1FCB9F12002B9ACE /* SearchResultCell.swift */ = {isa = PBXFileReference; fileEncoding = 4; lastKnownFileType = sourcecode.swift; path = SearchResultCell.swift; sourceTree = "<group>"; };
		FE65A7CC1FCB9F12002B9ACE /* InviteCell.swift */ = {isa = PBXFileReference; fileEncoding = 4; lastKnownFileType = sourcecode.swift; path = InviteCell.swift; sourceTree = "<group>"; };
		FE65A7CD1FCB9F13002B9ACE /* ArtistResultCell.swift */ = {isa = PBXFileReference; fileEncoding = 4; lastKnownFileType = sourcecode.swift; path = ArtistResultCell.swift; sourceTree = "<group>"; };
		FE65A7D71FCBA36E002B9ACE /* CreateViewController.swift */ = {isa = PBXFileReference; lastKnownFileType = sourcecode.swift; path = CreateViewController.swift; sourceTree = "<group>"; };
		FE65A7D91FCBA439002B9ACE /* SearchViewController.swift */ = {isa = PBXFileReference; lastKnownFileType = sourcecode.swift; path = SearchViewController.swift; sourceTree = "<group>"; };
		FE65A7DB1FCBBDF0002B9ACE /* background.jpg */ = {isa = PBXFileReference; lastKnownFileType = image.jpeg; path = background.jpg; sourceTree = "<group>"; };
		FE65A7DD1FCBCA34002B9ACE /* person.png */ = {isa = PBXFileReference; lastKnownFileType = image.png; path = person.png; sourceTree = "<group>"; };
		FE65A7DF1FCBCC13002B9ACE /* icon.png */ = {isa = PBXFileReference; lastKnownFileType = image.png; path = icon.png; sourceTree = "<group>"; };
		FE65A7E11FCBCD91002B9ACE /* icon copy.png */ = {isa = PBXFileReference; lastKnownFileType = image.png; path = "icon copy.png"; sourceTree = "<group>"; };
		FE93AB931FD6F01100614B88 /* concert2.gif */ = {isa = PBXFileReference; lastKnownFileType = image.gif; name = concert2.gif; path = ../../../Documents/concert2.gif; sourceTree = "<group>"; };
		FE93AB951FD6FD4100614B88 /* 48 [Converted].png */ = {isa = PBXFileReference; lastKnownFileType = image.png; path = "48 [Converted].png"; sourceTree = "<group>"; };
		FEEDE2181FCA6B6A00679B2E /* e724ce6c-3a6f-42f4-9cd2-685d36643e32.png */ = {isa = PBXFileReference; lastKnownFileType = image.png; path = "e724ce6c-3a6f-42f4-9cd2-685d36643e32.png"; sourceTree = "<group>"; };
		FEEDE2601FCA8AE100679B2E /* User.swift */ = {isa = PBXFileReference; lastKnownFileType = sourcecode.swift; path = User.swift; sourceTree = "<group>"; };
		FEEDE3991FCB7D2600679B2E /* Pods.xcodeproj */ = {isa = PBXFileReference; lastKnownFileType = "wrapper.pb-project"; name = Pods.xcodeproj; path = Pods/Pods.xcodeproj; sourceTree = "<group>"; };
/* End PBXFileReference section */

/* Begin PBXFrameworksBuildPhase section */
		FE05CBE01FC914330028FF9C /* Frameworks */ = {
			isa = PBXFrameworksBuildPhase;
			buildActionMask = 2147483647;
			files = (
				FE05CC691FC925590028FF9C /* SpotifyMetadata.framework in Frameworks */,
				FE65A79D1FCB8BC3002B9ACE /* Pods_Party_DJ.framework in Frameworks */,
				FE05CC6B1FC925590028FF9C /* SpotifyAudioPlayback.framework in Frameworks */,
				FE05CC6A1FC925590028FF9C /* SpotifyAuthentication.framework in Frameworks */,
				98660EF277029DEB4D06CDA2 /* Pods_Party_DJ.framework in Frameworks */,
			);
			runOnlyForDeploymentPostprocessing = 0;
		};
		FE05CBF41FC914330028FF9C /* Frameworks */ = {
			isa = PBXFrameworksBuildPhase;
			buildActionMask = 2147483647;
			files = (
				07F50D872B10F691BD53E7FC /* Pods_Party_DJTests.framework in Frameworks */,
			);
			runOnlyForDeploymentPostprocessing = 0;
		};
		FE05CBFF1FC914330028FF9C /* Frameworks */ = {
			isa = PBXFrameworksBuildPhase;
			buildActionMask = 2147483647;
			files = (
				7A545CE8D68A459AE3BBE4D6 /* Pods_Party_DJUITests.framework in Frameworks */,
			);
			runOnlyForDeploymentPostprocessing = 0;
		};
/* End PBXFrameworksBuildPhase section */

/* Begin PBXGroup section */
		A14F0A6E069C22DA5D755E63 /* Pods */ = {
			isa = PBXGroup;
			children = (
				A9EF95C656A85E74F9FA31C8 /* Pods-Party-DJ.debug.xcconfig */,
				444C68B9010AD158BBB0A760 /* Pods-Party-DJ.release.xcconfig */,
				879EC300E8B5C5AEC02560C8 /* Pods-Party-DJTests.debug.xcconfig */,
				AB6FA75B47FEDE3373FFB52D /* Pods-Party-DJTests.release.xcconfig */,
				3522E2FF45FA7D168F7E7C04 /* Pods-Party-DJUITests.debug.xcconfig */,
				00E3FE6E6EE9205B82697641 /* Pods-Party-DJUITests.release.xcconfig */,
			);
			name = Pods;
			sourceTree = "<group>";
		};
		FE05CBDA1FC914330028FF9C = {
			isa = PBXGroup;
			children = (
				FEEDE3991FCB7D2600679B2E /* Pods.xcodeproj */,
				FE05CBE51FC914330028FF9C /* Party-DJ */,
				FE05CBFA1FC914330028FF9C /* Party-DJTests */,
				FE05CC051FC914330028FF9C /* Party-DJUITests */,
				FE05CBE41FC914330028FF9C /* Products */,
				FE05CC141FC914BF0028FF9C /* Frameworks */,
				FE05CC6C1FC927DD0028FF9C /* Party-DJ-Bridging-Header.h */,
				FE26ACF71FD6EDBB001B3833 /* Images */,
				FE05CC831FCA66C50028FF9C /* concert2.gif */,
				A14F0A6E069C22DA5D755E63 /* Pods */,
			);
			sourceTree = "<group>";
		};
		FE05CBE41FC914330028FF9C /* Products */ = {
			isa = PBXGroup;
			children = (
				FE05CBE31FC914330028FF9C /* Party-DJ.app */,
				FE05CBF71FC914330028FF9C /* Party-DJTests.xctest */,
				FE05CC021FC914330028FF9C /* Party-DJUITests.xctest */,
			);
			name = Products;
			sourceTree = "<group>";
		};
		FE05CBE51FC914330028FF9C /* Party-DJ */ = {
			isa = PBXGroup;
			children = (
				FE05CBE61FC914330028FF9C /* AppDelegate.swift */,
				FE26ACFB1FD6EE40001B3833 /* Controllers */,
				FE65A78D1FCB8618002B9ACE /* Queue.swift */,
				FE65A7991FCB863E002B9ACE /* Track.swift */,
				FE65A79B1FCB8677002B9ACE /* Quicksort.swift */,
				FEEDE2601FCA8AE100679B2E /* User.swift */,
				FE05CC521FC9218D0028FF9C /* GIF.swift */,
				FE05CC541FC922280028FF9C /* APIManager.swift */,
				FE05CBEA1FC914330028FF9C /* Main.storyboard */,
				FE05CBED1FC914330028FF9C /* Assets.xcassets */,
				FE05CC6F1FCA599C0028FF9C /* concert.gif */,
				FE05CBEF1FC914330028FF9C /* LaunchScreen.storyboard */,
				FE05CBF21FC914330028FF9C /* Info.plist */,
				FE65A7B01FCB9D87002B9ACE /* TrackCell.swift */,
				FE65A7BF1FCB9DCD002B9ACE /* Album.swift */,
				FE65A7C51FCB9E78002B9ACE /* Artist.swift */,
				FE65A7C71FCB9F11002B9ACE /* AlbumCell.swift */,
				FE65A7CA1FCB9F12002B9ACE /* AlbumResultCell.swift */,
				FE65A7CD1FCB9F13002B9ACE /* ArtistResultCell.swift */,
				FE65A7CC1FCB9F12002B9ACE /* InviteCell.swift */,
				FE65A7CB1FCB9F12002B9ACE /* SearchResultCell.swift */,
				FE65A7C91FCB9F11002B9ACE /* ShareCell.swift */,
				FE65A7C81FCB9F11002B9ACE /* UserCell.swift */,
			);
			path = "Party-DJ";
			sourceTree = "<group>";
		};
		FE05CBFA1FC914330028FF9C /* Party-DJTests */ = {
			isa = PBXGroup;
			children = (
				FE05CBFB1FC914330028FF9C /* Party_DJTests.swift */,
				FE05CBFD1FC914330028FF9C /* Info.plist */,
			);
			path = "Party-DJTests";
			sourceTree = "<group>";
		};
		FE05CC051FC914330028FF9C /* Party-DJUITests */ = {
			isa = PBXGroup;
			children = (
				FE05CC061FC914330028FF9C /* Party_DJUITests.swift */,
				FE05CC081FC914330028FF9C /* Info.plist */,
			);
			path = "Party-DJUITests";
			sourceTree = "<group>";
		};
		FE05CC141FC914BF0028FF9C /* Frameworks */ = {
			isa = PBXGroup;
			children = (
				FE05CC681FC925590028FF9C /* SpotifyAudioPlayback.framework */,
				FE05CC671FC925590028FF9C /* SpotifyAuthentication.framework */,
				FE05CC661FC925590028FF9C /* SpotifyMetadata.framework */,
				FE05CC181FC915020028FF9C /* CoreGraphics.framework */,
				FE05CC171FC914F40028FF9C /* AudioToolbox.framework */,
				FE05CC161FC914C70028FF9C /* AVFoundation.framework */,
				FE05CC151FC914C00028FF9C /* UIKit.framework */,
				AF34A303F4A23E14A8BB249F /* Pods_Party_DJ.framework */,
				DBEE18F3E24D4F97FCDDBBD8 /* Pods_Party_DJTests.framework */,
				D0B39170085FB9B56D350175 /* Pods_Party_DJUITests.framework */,
			);
			name = Frameworks;
			sourceTree = "<group>";
		};
		FE26ACF71FD6EDBB001B3833 /* Images */ = {
			isa = PBXGroup;
			children = (
				FE93AB951FD6FD4100614B88 /* 48 [Converted].png */,
				FE26ACF51FD671EE001B3833 /* prevButton.png */,
				FE26ACF31FD671D6001B3833 /* nextButton.png */,
				FE93AB931FD6F01100614B88 /* concert2.gif */,
				FE65A7DB1FCBBDF0002B9ACE /* background.jpg */,
				FE05CC791FCA615C0028FF9C /* giphy (2).gif */,
				FE26ACF11FD671BC001B3833 /* addButton.jpg */,
				FE26ACED1FD67080001B3833 /* 5ca71cd1-4d1a-4b59-bbf1-00bf0540379b.jpg */,
				FE05CC7A1FCA615C0028FF9C /* giphy (3).gif */,
				FE26ACEF1FD6708B001B3833 /* PlayButton.png */,
				FE05CC811FCA62D20028FF9C /* download.jpeg */,
				FE26ACF81FD6EDF9001B3833 /* concert2.gif */,
				FEEDE2181FCA6B6A00679B2E /* e724ce6c-3a6f-42f4-9cd2-685d36643e32.png */,
				FE65A7DD1FCBCA34002B9ACE /* person.png */,
				FE65A7E11FCBCD91002B9ACE /* icon copy.png */,
				FE65A7DF1FCBCC13002B9ACE /* icon.png */,
			);
			path = Images;
			sourceTree = "<group>";
		};
		FE26ACFB1FD6EE40001B3833 /* Controllers */ = {
			isa = PBXGroup;
			children = (
				FE26ACE01FD65AF2001B3833 /* JoinController.swift */,
				FE05CBE81FC914330028FF9C /* ViewController.swift */,
				FE65A7A31FCB9C5E002B9ACE /* welcomeViewController.swift */,
				FE65A7AC1FCB9C9D002B9ACE /* createHomeViewController.swift */,
				FE65A7D91FCBA439002B9ACE /* SearchViewController.swift */,
				FE05CC501FC91AFF0028FF9C /* LoginViewController.swift */,
				FE65A7D71FCBA36E002B9ACE /* CreateViewController.swift */,
				FE0D429B1FCDF5A400E2FCBD /* PlaylistViewController.swift */,
				FE65A7C11FCB9E0B002B9ACE /* AlbumViewController.swift */,
				FE65A7C31FCB9E4E002B9ACE /* ArtistViewController.swift */,
			);
			path = Controllers;
			sourceTree = "<group>";
		};
		FEEDE39A1FCB7D2600679B2E /* Products */ = {
			isa = PBXGroup;
			children = (
				FEEDE3A41FCB7D2600679B2E /* Alamofire.framework */,
				FEEDE3A61FCB7D2600679B2E /* AlamofireImage.framework */,
				FEEDE3A81FCB7D2600679B2E /* Bolts.framework */,
				FE65A7BC1FCB9D88002B9ACE /* MarqueeLabel.framework */,
				FEEDE3AA1FCB7D2600679B2E /* Parse.framework */,
				FEEDE3AC1FCB7D2600679B2E /* Pods_Party_DJ.framework */,
				FEEDE3AE1FCB7D2600679B2E /* Pods_Party_DJTests.framework */,
				FEEDE3B01FCB7D2600679B2E /* Pods_Party_DJUITests.framework */,
				FE65A7981FCB8619002B9ACE /* SkyFloatingLabelTextField.framework */,
				FE65A7BE1FCB9D88002B9ACE /* SwipeCellKit.framework */,
			);
			name = Products;
			sourceTree = "<group>";
		};
/* End PBXGroup section */

/* Begin PBXNativeTarget section */
		FE05CBE21FC914330028FF9C /* Party-DJ */ = {
			isa = PBXNativeTarget;
			buildConfigurationList = FE05CC0B1FC914330028FF9C /* Build configuration list for PBXNativeTarget "Party-DJ" */;
			buildPhases = (
				53B8E76F0553656E8FD6EB9B /* [CP] Check Pods Manifest.lock */,
				FE05CBDF1FC914330028FF9C /* Sources */,
				FE05CBE01FC914330028FF9C /* Frameworks */,
				FE05CBE11FC914330028FF9C /* Resources */,
				FC9899E4BC89D9BEECC50782 /* [CP] Embed Pods Frameworks */,
				D52DB9AE85ADAE6C9AC6F947 /* [CP] Copy Pods Resources */,
				FEEDE32B1FCB781100679B2E /* Embed Frameworks */,
			);
			buildRules = (
			);
			dependencies = (
				FE65A7A01FCB8BC3002B9ACE /* PBXTargetDependency */,
			);
			name = "Party-DJ";
			productName = "Party-DJ";
			productReference = FE05CBE31FC914330028FF9C /* Party-DJ.app */;
			productType = "com.apple.product-type.application";
		};
		FE05CBF61FC914330028FF9C /* Party-DJTests */ = {
			isa = PBXNativeTarget;
			buildConfigurationList = FE05CC0E1FC914330028FF9C /* Build configuration list for PBXNativeTarget "Party-DJTests" */;
			buildPhases = (
				4379A926D0767F5035536FB1 /* [CP] Check Pods Manifest.lock */,
				FE05CBF31FC914330028FF9C /* Sources */,
				FE05CBF41FC914330028FF9C /* Frameworks */,
				FE05CBF51FC914330028FF9C /* Resources */,
				BD60E1C9B2A9500C2634FFA3 /* [CP] Embed Pods Frameworks */,
				E4EFC5C9434DFFE7AAA1AC45 /* [CP] Copy Pods Resources */,
			);
			buildRules = (
			);
			dependencies = (
				FE05CBF91FC914330028FF9C /* PBXTargetDependency */,
			);
			name = "Party-DJTests";
			productName = "Party-DJTests";
			productReference = FE05CBF71FC914330028FF9C /* Party-DJTests.xctest */;
			productType = "com.apple.product-type.bundle.unit-test";
		};
		FE05CC011FC914330028FF9C /* Party-DJUITests */ = {
			isa = PBXNativeTarget;
			buildConfigurationList = FE05CC111FC914330028FF9C /* Build configuration list for PBXNativeTarget "Party-DJUITests" */;
			buildPhases = (
				3A4BDCC843F102E94E4B7648 /* [CP] Check Pods Manifest.lock */,
				FE05CBFE1FC914330028FF9C /* Sources */,
				FE05CBFF1FC914330028FF9C /* Frameworks */,
				FE05CC001FC914330028FF9C /* Resources */,
				938980BBFB67AC2A3A230AE5 /* [CP] Embed Pods Frameworks */,
				0E75B01EC577751DA16D56C6 /* [CP] Copy Pods Resources */,
			);
			buildRules = (
			);
			dependencies = (
				FE05CC041FC914330028FF9C /* PBXTargetDependency */,
			);
			name = "Party-DJUITests";
			productName = "Party-DJUITests";
			productReference = FE05CC021FC914330028FF9C /* Party-DJUITests.xctest */;
			productType = "com.apple.product-type.bundle.ui-testing";
		};
/* End PBXNativeTarget section */

/* Begin PBXProject section */
		FE05CBDB1FC914330028FF9C /* Project object */ = {
			isa = PBXProject;
			attributes = {
				LastSwiftUpdateCheck = 0910;
				LastUpgradeCheck = 0910;
				ORGANIZATIONNAME = "Shana Joseph";
				TargetAttributes = {
					FE05CBE21FC914330028FF9C = {
						CreatedOnToolsVersion = 9.1;
						LastSwiftMigration = 0910;
						ProvisioningStyle = Automatic;
					};
					FE05CBF61FC914330028FF9C = {
						CreatedOnToolsVersion = 9.1;
						ProvisioningStyle = Automatic;
						TestTargetID = FE05CBE21FC914330028FF9C;
					};
					FE05CC011FC914330028FF9C = {
						CreatedOnToolsVersion = 9.1;
						ProvisioningStyle = Automatic;
						TestTargetID = FE05CBE21FC914330028FF9C;
					};
				};
			};
			buildConfigurationList = FE05CBDE1FC914330028FF9C /* Build configuration list for PBXProject "Party-DJ" */;
			compatibilityVersion = "Xcode 8.0";
			developmentRegion = en;
			hasScannedForEncodings = 0;
			knownRegions = (
				en,
				Base,
			);
			mainGroup = FE05CBDA1FC914330028FF9C;
			productRefGroup = FE05CBE41FC914330028FF9C /* Products */;
			projectDirPath = "";
			projectReferences = (
				{
					ProductGroup = FEEDE39A1FCB7D2600679B2E /* Products */;
					ProjectRef = FEEDE3991FCB7D2600679B2E /* Pods.xcodeproj */;
				},
			);
			projectRoot = "";
			targets = (
				FE05CBE21FC914330028FF9C /* Party-DJ */,
				FE05CBF61FC914330028FF9C /* Party-DJTests */,
				FE05CC011FC914330028FF9C /* Party-DJUITests */,
			);
		};
/* End PBXProject section */

/* Begin PBXReferenceProxy section */
		FE65A7981FCB8619002B9ACE /* SkyFloatingLabelTextField.framework */ = {
			isa = PBXReferenceProxy;
			fileType = wrapper.framework;
			path = SkyFloatingLabelTextField.framework;
			remoteRef = FE65A7971FCB8619002B9ACE /* PBXContainerItemProxy */;
			sourceTree = BUILT_PRODUCTS_DIR;
		};
		FE65A7BC1FCB9D88002B9ACE /* MarqueeLabel.framework */ = {
			isa = PBXReferenceProxy;
			fileType = wrapper.framework;
			path = MarqueeLabel.framework;
			remoteRef = FE65A7BB1FCB9D88002B9ACE /* PBXContainerItemProxy */;
			sourceTree = BUILT_PRODUCTS_DIR;
		};
		FE65A7BE1FCB9D88002B9ACE /* SwipeCellKit.framework */ = {
			isa = PBXReferenceProxy;
			fileType = wrapper.framework;
			path = SwipeCellKit.framework;
			remoteRef = FE65A7BD1FCB9D88002B9ACE /* PBXContainerItemProxy */;
			sourceTree = BUILT_PRODUCTS_DIR;
		};
		FEEDE3A41FCB7D2600679B2E /* Alamofire.framework */ = {
			isa = PBXReferenceProxy;
			fileType = wrapper.framework;
			path = Alamofire.framework;
			remoteRef = FEEDE3A31FCB7D2600679B2E /* PBXContainerItemProxy */;
			sourceTree = BUILT_PRODUCTS_DIR;
		};
		FEEDE3A61FCB7D2600679B2E /* AlamofireImage.framework */ = {
			isa = PBXReferenceProxy;
			fileType = wrapper.framework;
			path = AlamofireImage.framework;
			remoteRef = FEEDE3A51FCB7D2600679B2E /* PBXContainerItemProxy */;
			sourceTree = BUILT_PRODUCTS_DIR;
		};
		FEEDE3A81FCB7D2600679B2E /* Bolts.framework */ = {
			isa = PBXReferenceProxy;
			fileType = wrapper.framework;
			path = Bolts.framework;
			remoteRef = FEEDE3A71FCB7D2600679B2E /* PBXContainerItemProxy */;
			sourceTree = BUILT_PRODUCTS_DIR;
		};
		FEEDE3AA1FCB7D2600679B2E /* Parse.framework */ = {
			isa = PBXReferenceProxy;
			fileType = wrapper.framework;
			path = Parse.framework;
			remoteRef = FEEDE3A91FCB7D2600679B2E /* PBXContainerItemProxy */;
			sourceTree = BUILT_PRODUCTS_DIR;
		};
		FEEDE3AC1FCB7D2600679B2E /* Pods_Party_DJ.framework */ = {
			isa = PBXReferenceProxy;
			fileType = wrapper.framework;
			path = Pods_Party_DJ.framework;
			remoteRef = FEEDE3AB1FCB7D2600679B2E /* PBXContainerItemProxy */;
			sourceTree = BUILT_PRODUCTS_DIR;
		};
		FEEDE3AE1FCB7D2600679B2E /* Pods_Party_DJTests.framework */ = {
			isa = PBXReferenceProxy;
			fileType = wrapper.framework;
			path = Pods_Party_DJTests.framework;
			remoteRef = FEEDE3AD1FCB7D2600679B2E /* PBXContainerItemProxy */;
			sourceTree = BUILT_PRODUCTS_DIR;
		};
		FEEDE3B01FCB7D2600679B2E /* Pods_Party_DJUITests.framework */ = {
			isa = PBXReferenceProxy;
			fileType = wrapper.framework;
			path = Pods_Party_DJUITests.framework;
			remoteRef = FEEDE3AF1FCB7D2600679B2E /* PBXContainerItemProxy */;
			sourceTree = BUILT_PRODUCTS_DIR;
		};
/* End PBXReferenceProxy section */

/* Begin PBXResourcesBuildPhase section */
		FE05CBE11FC914330028FF9C /* Resources */ = {
			isa = PBXResourcesBuildPhase;
			buildActionMask = 2147483647;
			files = (
				FE05CC7F1FCA615C0028FF9C /* giphy (2).gif in Resources */,
				FE65A7DE1FCBCA34002B9ACE /* person.png in Resources */,
				FE05CC701FCA599D0028FF9C /* concert.gif in Resources */,
				FE26ACEE1FD67083001B3833 /* 5ca71cd1-4d1a-4b59-bbf1-00bf0540379b.jpg in Resources */,
				FE93AB941FD6F01100614B88 /* concert2.gif in Resources */,
				FE65A7DC1FCBBDF1002B9ACE /* background.jpg in Resources */,
				FE26ACF21FD671BC001B3833 /* addButton.jpg in Resources */,
				FE05CC841FCA66C50028FF9C /* concert2.gif in Resources */,
				FEEDE2201FCA6B6A00679B2E /* e724ce6c-3a6f-42f4-9cd2-685d36643e32.png in Resources */,
				FE26ACF01FD6708D001B3833 /* PlayButton.png in Resources */,
				FE65A7E21FCBCD93002B9ACE /* icon copy.png in Resources */,
				FE26ACF61FD671EF001B3833 /* prevButton.png in Resources */,
				FE05CBF11FC914330028FF9C /* LaunchScreen.storyboard in Resources */,
				FE65A7E01FCBCC14002B9ACE /* icon.png in Resources */,
				FE26ACF41FD671D6001B3833 /* nextButton.png in Resources */,
				FE05CBEE1FC914330028FF9C /* Assets.xcassets in Resources */,
				FE05CC821FCA62D30028FF9C /* download.jpeg in Resources */,
				FE05CC801FCA615C0028FF9C /* giphy (3).gif in Resources */,
				FE05CBEC1FC914330028FF9C /* Main.storyboard in Resources */,
				FE93AB961FD6FD4500614B88 /* 48 [Converted].png in Resources */,
			);
			runOnlyForDeploymentPostprocessing = 0;
		};
		FE05CBF51FC914330028FF9C /* Resources */ = {
			isa = PBXResourcesBuildPhase;
			buildActionMask = 2147483647;
			files = (
			);
			runOnlyForDeploymentPostprocessing = 0;
		};
		FE05CC001FC914330028FF9C /* Resources */ = {
			isa = PBXResourcesBuildPhase;
			buildActionMask = 2147483647;
			files = (
			);
			runOnlyForDeploymentPostprocessing = 0;
		};
/* End PBXResourcesBuildPhase section */

/* Begin PBXShellScriptBuildPhase section */
		0E75B01EC577751DA16D56C6 /* [CP] Copy Pods Resources */ = {
			isa = PBXShellScriptBuildPhase;
			buildActionMask = 2147483647;
			files = (
			);
			inputPaths = (
			);
			name = "[CP] Copy Pods Resources";
			outputPaths = (
			);
			runOnlyForDeploymentPostprocessing = 0;
			shellPath = /bin/sh;
			shellScript = "\"${SRCROOT}/Pods/Target Support Files/Pods-Party-DJUITests/Pods-Party-DJUITests-resources.sh\"\n";
			showEnvVarsInLog = 0;
		};
		3A4BDCC843F102E94E4B7648 /* [CP] Check Pods Manifest.lock */ = {
			isa = PBXShellScriptBuildPhase;
			buildActionMask = 2147483647;
			files = (
			);
			inputPaths = (
				"${PODS_PODFILE_DIR_PATH}/Podfile.lock",
				"${PODS_ROOT}/Manifest.lock",
			);
			name = "[CP] Check Pods Manifest.lock";
			outputPaths = (
				"$(DERIVED_FILE_DIR)/Pods-Party-DJUITests-checkManifestLockResult.txt",
			);
			runOnlyForDeploymentPostprocessing = 0;
			shellPath = /bin/sh;
			shellScript = "diff \"${PODS_PODFILE_DIR_PATH}/Podfile.lock\" \"${PODS_ROOT}/Manifest.lock\" > /dev/null\nif [ $? != 0 ] ; then\n    # print error to STDERR\n    echo \"error: The sandbox is not in sync with the Podfile.lock. Run 'pod install' or update your CocoaPods installation.\" >&2\n    exit 1\nfi\n# This output is used by Xcode 'outputs' to avoid re-running this script phase.\necho \"SUCCESS\" > \"${SCRIPT_OUTPUT_FILE_0}\"\n";
			showEnvVarsInLog = 0;
		};
		4379A926D0767F5035536FB1 /* [CP] Check Pods Manifest.lock */ = {
			isa = PBXShellScriptBuildPhase;
			buildActionMask = 2147483647;
			files = (
			);
			inputPaths = (
				"${PODS_PODFILE_DIR_PATH}/Podfile.lock",
				"${PODS_ROOT}/Manifest.lock",
			);
			name = "[CP] Check Pods Manifest.lock";
			outputPaths = (
				"$(DERIVED_FILE_DIR)/Pods-Party-DJTests-checkManifestLockResult.txt",
			);
			runOnlyForDeploymentPostprocessing = 0;
			shellPath = /bin/sh;
			shellScript = "diff \"${PODS_PODFILE_DIR_PATH}/Podfile.lock\" \"${PODS_ROOT}/Manifest.lock\" > /dev/null\nif [ $? != 0 ] ; then\n    # print error to STDERR\n    echo \"error: The sandbox is not in sync with the Podfile.lock. Run 'pod install' or update your CocoaPods installation.\" >&2\n    exit 1\nfi\n# This output is used by Xcode 'outputs' to avoid re-running this script phase.\necho \"SUCCESS\" > \"${SCRIPT_OUTPUT_FILE_0}\"\n";
			showEnvVarsInLog = 0;
		};
		53B8E76F0553656E8FD6EB9B /* [CP] Check Pods Manifest.lock */ = {
			isa = PBXShellScriptBuildPhase;
			buildActionMask = 2147483647;
			files = (
			);
			inputPaths = (
				"${PODS_PODFILE_DIR_PATH}/Podfile.lock",
				"${PODS_ROOT}/Manifest.lock",
			);
			name = "[CP] Check Pods Manifest.lock";
			outputPaths = (
				"$(DERIVED_FILE_DIR)/Pods-Party-DJ-checkManifestLockResult.txt",
			);
			runOnlyForDeploymentPostprocessing = 0;
			shellPath = /bin/sh;
			shellScript = "diff \"${PODS_PODFILE_DIR_PATH}/Podfile.lock\" \"${PODS_ROOT}/Manifest.lock\" > /dev/null\nif [ $? != 0 ] ; then\n    # print error to STDERR\n    echo \"error: The sandbox is not in sync with the Podfile.lock. Run 'pod install' or update your CocoaPods installation.\" >&2\n    exit 1\nfi\n# This output is used by Xcode 'outputs' to avoid re-running this script phase.\necho \"SUCCESS\" > \"${SCRIPT_OUTPUT_FILE_0}\"\n";
			showEnvVarsInLog = 0;
		};
		938980BBFB67AC2A3A230AE5 /* [CP] Embed Pods Frameworks */ = {
			isa = PBXShellScriptBuildPhase;
			buildActionMask = 2147483647;
			files = (
			);
			inputPaths = (
			);
			name = "[CP] Embed Pods Frameworks";
			outputPaths = (
			);
			runOnlyForDeploymentPostprocessing = 0;
			shellPath = /bin/sh;
			shellScript = "\"${SRCROOT}/Pods/Target Support Files/Pods-Party-DJUITests/Pods-Party-DJUITests-frameworks.sh\"\n";
			showEnvVarsInLog = 0;
		};
		BD60E1C9B2A9500C2634FFA3 /* [CP] Embed Pods Frameworks */ = {
			isa = PBXShellScriptBuildPhase;
			buildActionMask = 2147483647;
			files = (
			);
			inputPaths = (
			);
			name = "[CP] Embed Pods Frameworks";
			outputPaths = (
			);
			runOnlyForDeploymentPostprocessing = 0;
			shellPath = /bin/sh;
			shellScript = "\"${SRCROOT}/Pods/Target Support Files/Pods-Party-DJTests/Pods-Party-DJTests-frameworks.sh\"\n";
			showEnvVarsInLog = 0;
		};
		D52DB9AE85ADAE6C9AC6F947 /* [CP] Copy Pods Resources */ = {
			isa = PBXShellScriptBuildPhase;
			buildActionMask = 8;
			files = (
			);
			inputPaths = (
			);
			name = "[CP] Copy Pods Resources";
			outputPaths = (
			);
			runOnlyForDeploymentPostprocessing = 1;
			shellPath = /bin/sh;
			shellScript = "\"${SRCROOT}/Pods/Target Support Files/Pods-Party-DJ/Pods-Party-DJ-resources.sh\"\n";
			showEnvVarsInLog = 0;
		};
		E4EFC5C9434DFFE7AAA1AC45 /* [CP] Copy Pods Resources */ = {
			isa = PBXShellScriptBuildPhase;
			buildActionMask = 2147483647;
			files = (
			);
			inputPaths = (
			);
			name = "[CP] Copy Pods Resources";
			outputPaths = (
			);
			runOnlyForDeploymentPostprocessing = 0;
			shellPath = /bin/sh;
			shellScript = "\"${SRCROOT}/Pods/Target Support Files/Pods-Party-DJTests/Pods-Party-DJTests-resources.sh\"\n";
			showEnvVarsInLog = 0;
		};
		FC9899E4BC89D9BEECC50782 /* [CP] Embed Pods Frameworks */ = {
			isa = PBXShellScriptBuildPhase;
			buildActionMask = 8;
			files = (
			);
			inputPaths = (
				"${SRCROOT}/Pods/Target Support Files/Pods-Party-DJ/Pods-Party-DJ-frameworks.sh",
				"${BUILT_PRODUCTS_DIR}/Alamofire/Alamofire.framework",
				"${BUILT_PRODUCTS_DIR}/AlamofireImage/AlamofireImage.framework",
				"${BUILT_PRODUCTS_DIR}/Bolts/Bolts.framework",
				"${BUILT_PRODUCTS_DIR}/MarqueeLabel/MarqueeLabel.framework",
				"${BUILT_PRODUCTS_DIR}/Parse/Parse.framework",
				"${BUILT_PRODUCTS_DIR}/SkyFloatingLabelTextField/SkyFloatingLabelTextField.framework",
				"${BUILT_PRODUCTS_DIR}/SwipeCellKit/SwipeCellKit.framework",
			);
			name = "[CP] Embed Pods Frameworks";
			outputPaths = (
				"${TARGET_BUILD_DIR}/${FRAMEWORKS_FOLDER_PATH}/Alamofire.framework",
				"${TARGET_BUILD_DIR}/${FRAMEWORKS_FOLDER_PATH}/AlamofireImage.framework",
				"${TARGET_BUILD_DIR}/${FRAMEWORKS_FOLDER_PATH}/Bolts.framework",
				"${TARGET_BUILD_DIR}/${FRAMEWORKS_FOLDER_PATH}/MarqueeLabel.framework",
				"${TARGET_BUILD_DIR}/${FRAMEWORKS_FOLDER_PATH}/Parse.framework",
				"${TARGET_BUILD_DIR}/${FRAMEWORKS_FOLDER_PATH}/SkyFloatingLabelTextField.framework",
				"${TARGET_BUILD_DIR}/${FRAMEWORKS_FOLDER_PATH}/SwipeCellKit.framework",
			);
			runOnlyForDeploymentPostprocessing = 1;
			shellPath = /bin/sh;
			shellScript = "\"${SRCROOT}/Pods/Target Support Files/Pods-Party-DJ/Pods-Party-DJ-frameworks.sh\"\n";
			showEnvVarsInLog = 0;
		};
/* End PBXShellScriptBuildPhase section */

/* Begin PBXSourcesBuildPhase section */
		FE05CBDF1FC914330028FF9C /* Sources */ = {
			isa = PBXSourcesBuildPhase;
			buildActionMask = 2147483647;
			files = (
				FE05CC511FC91AFF0028FF9C /* LoginViewController.swift in Sources */,
				FE65A79A1FCB863E002B9ACE /* Track.swift in Sources */,
				FE65A7D11FCB9F13002B9ACE /* AlbumResultCell.swift in Sources */,
				FE05CBE91FC914330028FF9C /* ViewController.swift in Sources */,
				FE0D429C1FCDF5A400E2FCBD /* PlaylistViewController.swift in Sources */,
				FE05CC551FC922280028FF9C /* APIManager.swift in Sources */,
				FE65A7C01FCB9DCD002B9ACE /* Album.swift in Sources */,
				FE65A7D41FCB9F13002B9ACE /* ArtistResultCell.swift in Sources */,
				FE65A7CF1FCB9F13002B9ACE /* UserCell.swift in Sources */,
				FE65A7D81FCBA36E002B9ACE /* CreateViewController.swift in Sources */,
				FE26ACE11FD65AF2001B3833 /* JoinController.swift in Sources */,
				FE65A7C21FCB9E0B002B9ACE /* AlbumViewController.swift in Sources */,
				FE65A7AD1FCB9C9D002B9ACE /* createHomeViewController.swift in Sources */,
				FE65A7D01FCB9F13002B9ACE /* ShareCell.swift in Sources */,
				FE05CC531FC9218D0028FF9C /* GIF.swift in Sources */,
				FE65A7B11FCB9D87002B9ACE /* TrackCell.swift in Sources */,
				FE05CBE71FC914330028FF9C /* AppDelegate.swift in Sources */,
				FE65A7DA1FCBA439002B9ACE /* SearchViewController.swift in Sources */,
				FE65A7C41FCB9E4E002B9ACE /* ArtistViewController.swift in Sources */,
				FE65A7A41FCB9C5E002B9ACE /* welcomeViewController.swift in Sources */,
				FE65A7D31FCB9F13002B9ACE /* InviteCell.swift in Sources */,
				FE65A78E1FCB8618002B9ACE /* Queue.swift in Sources */,
				FE65A7C61FCB9E78002B9ACE /* Artist.swift in Sources */,
				FEEDE2611FCA8AE100679B2E /* User.swift in Sources */,
				FE65A79C1FCB8677002B9ACE /* Quicksort.swift in Sources */,
				FE65A7D21FCB9F13002B9ACE /* SearchResultCell.swift in Sources */,
				FE65A7CE1FCB9F13002B9ACE /* AlbumCell.swift in Sources */,
			);
			runOnlyForDeploymentPostprocessing = 0;
		};
		FE05CBF31FC914330028FF9C /* Sources */ = {
			isa = PBXSourcesBuildPhase;
			buildActionMask = 2147483647;
			files = (
				FE05CBFC1FC914330028FF9C /* Party_DJTests.swift in Sources */,
			);
			runOnlyForDeploymentPostprocessing = 0;
		};
		FE05CBFE1FC914330028FF9C /* Sources */ = {
			isa = PBXSourcesBuildPhase;
			buildActionMask = 2147483647;
			files = (
				FE05CC071FC914330028FF9C /* Party_DJUITests.swift in Sources */,
			);
			runOnlyForDeploymentPostprocessing = 0;
		};
/* End PBXSourcesBuildPhase section */

/* Begin PBXTargetDependency section */
		FE05CBF91FC914330028FF9C /* PBXTargetDependency */ = {
			isa = PBXTargetDependency;
			target = FE05CBE21FC914330028FF9C /* Party-DJ */;
			targetProxy = FE05CBF81FC914330028FF9C /* PBXContainerItemProxy */;
		};
		FE05CC041FC914330028FF9C /* PBXTargetDependency */ = {
			isa = PBXTargetDependency;
			target = FE05CBE21FC914330028FF9C /* Party-DJ */;
			targetProxy = FE05CC031FC914330028FF9C /* PBXContainerItemProxy */;
		};
		FE65A7A01FCB8BC3002B9ACE /* PBXTargetDependency */ = {
			isa = PBXTargetDependency;
			name = "Pods-Party-DJ";
			targetProxy = FE65A79F1FCB8BC3002B9ACE /* PBXContainerItemProxy */;
		};
/* End PBXTargetDependency section */

/* Begin PBXVariantGroup section */
		FE05CBEA1FC914330028FF9C /* Main.storyboard */ = {
			isa = PBXVariantGroup;
			children = (
				FE05CBEB1FC914330028FF9C /* Base */,
			);
			name = Main.storyboard;
			sourceTree = "<group>";
		};
		FE05CBEF1FC914330028FF9C /* LaunchScreen.storyboard */ = {
			isa = PBXVariantGroup;
			children = (
				FE05CBF01FC914330028FF9C /* Base */,
			);
			name = LaunchScreen.storyboard;
			sourceTree = "<group>";
		};
/* End PBXVariantGroup section */

/* Begin XCBuildConfiguration section */
		FE05CC091FC914330028FF9C /* Debug */ = {
			isa = XCBuildConfiguration;
			buildSettings = {
				ALWAYS_SEARCH_USER_PATHS = NO;
				CLANG_ANALYZER_NONNULL = YES;
				CLANG_ANALYZER_NUMBER_OBJECT_CONVERSION = YES_AGGRESSIVE;
				CLANG_CXX_LANGUAGE_STANDARD = "gnu++14";
				CLANG_CXX_LIBRARY = "libc++";
				CLANG_ENABLE_MODULES = YES;
				CLANG_ENABLE_OBJC_ARC = YES;
				CLANG_WARN_BLOCK_CAPTURE_AUTORELEASING = YES;
				CLANG_WARN_BOOL_CONVERSION = YES;
				CLANG_WARN_COMMA = YES;
				CLANG_WARN_CONSTANT_CONVERSION = YES;
				CLANG_WARN_DIRECT_OBJC_ISA_USAGE = YES_ERROR;
				CLANG_WARN_DOCUMENTATION_COMMENTS = YES;
				CLANG_WARN_EMPTY_BODY = YES;
				CLANG_WARN_ENUM_CONVERSION = YES;
				CLANG_WARN_INFINITE_RECURSION = YES;
				CLANG_WARN_INT_CONVERSION = YES;
				CLANG_WARN_NON_LITERAL_NULL_CONVERSION = YES;
				CLANG_WARN_OBJC_LITERAL_CONVERSION = YES;
				CLANG_WARN_OBJC_ROOT_CLASS = YES_ERROR;
				CLANG_WARN_RANGE_LOOP_ANALYSIS = YES;
				CLANG_WARN_STRICT_PROTOTYPES = YES;
				CLANG_WARN_SUSPICIOUS_MOVE = YES;
				CLANG_WARN_UNGUARDED_AVAILABILITY = YES_AGGRESSIVE;
				CLANG_WARN_UNREACHABLE_CODE = YES;
				CLANG_WARN__DUPLICATE_METHOD_MATCH = YES;
				CODE_SIGN_IDENTITY = "iPhone Developer";
				COPY_PHASE_STRIP = NO;
				DEBUG_INFORMATION_FORMAT = dwarf;
				ENABLE_STRICT_OBJC_MSGSEND = YES;
				ENABLE_TESTABILITY = YES;
				GCC_C_LANGUAGE_STANDARD = gnu11;
				GCC_DYNAMIC_NO_PIC = NO;
				GCC_NO_COMMON_BLOCKS = YES;
				GCC_OPTIMIZATION_LEVEL = 0;
				GCC_PREPROCESSOR_DEFINITIONS = (
					"DEBUG=1",
					"$(inherited)",
				);
				GCC_WARN_64_TO_32_BIT_CONVERSION = YES;
				GCC_WARN_ABOUT_RETURN_TYPE = YES_ERROR;
				GCC_WARN_UNDECLARED_SELECTOR = YES;
				GCC_WARN_UNINITIALIZED_AUTOS = YES_AGGRESSIVE;
				GCC_WARN_UNUSED_FUNCTION = YES;
				GCC_WARN_UNUSED_VARIABLE = YES;
				IPHONEOS_DEPLOYMENT_TARGET = 11.1;
				MTL_ENABLE_DEBUG_INFO = YES;
				ONLY_ACTIVE_ARCH = YES;
				SDKROOT = iphoneos;
				SWIFT_ACTIVE_COMPILATION_CONDITIONS = DEBUG;
				SWIFT_OPTIMIZATION_LEVEL = "-Onone";
			};
			name = Debug;
		};
		FE05CC0A1FC914330028FF9C /* Release */ = {
			isa = XCBuildConfiguration;
			buildSettings = {
				ALWAYS_SEARCH_USER_PATHS = NO;
				CLANG_ANALYZER_NONNULL = YES;
				CLANG_ANALYZER_NUMBER_OBJECT_CONVERSION = YES_AGGRESSIVE;
				CLANG_CXX_LANGUAGE_STANDARD = "gnu++14";
				CLANG_CXX_LIBRARY = "libc++";
				CLANG_ENABLE_MODULES = YES;
				CLANG_ENABLE_OBJC_ARC = YES;
				CLANG_WARN_BLOCK_CAPTURE_AUTORELEASING = YES;
				CLANG_WARN_BOOL_CONVERSION = YES;
				CLANG_WARN_COMMA = YES;
				CLANG_WARN_CONSTANT_CONVERSION = YES;
				CLANG_WARN_DIRECT_OBJC_ISA_USAGE = YES_ERROR;
				CLANG_WARN_DOCUMENTATION_COMMENTS = YES;
				CLANG_WARN_EMPTY_BODY = YES;
				CLANG_WARN_ENUM_CONVERSION = YES;
				CLANG_WARN_INFINITE_RECURSION = YES;
				CLANG_WARN_INT_CONVERSION = YES;
				CLANG_WARN_NON_LITERAL_NULL_CONVERSION = YES;
				CLANG_WARN_OBJC_LITERAL_CONVERSION = YES;
				CLANG_WARN_OBJC_ROOT_CLASS = YES_ERROR;
				CLANG_WARN_RANGE_LOOP_ANALYSIS = YES;
				CLANG_WARN_STRICT_PROTOTYPES = YES;
				CLANG_WARN_SUSPICIOUS_MOVE = YES;
				CLANG_WARN_UNGUARDED_AVAILABILITY = YES_AGGRESSIVE;
				CLANG_WARN_UNREACHABLE_CODE = YES;
				CLANG_WARN__DUPLICATE_METHOD_MATCH = YES;
				CODE_SIGN_IDENTITY = "iPhone Developer";
				COPY_PHASE_STRIP = NO;
				DEBUG_INFORMATION_FORMAT = "dwarf-with-dsym";
				ENABLE_NS_ASSERTIONS = NO;
				ENABLE_STRICT_OBJC_MSGSEND = YES;
				GCC_C_LANGUAGE_STANDARD = gnu11;
				GCC_NO_COMMON_BLOCKS = YES;
				GCC_WARN_64_TO_32_BIT_CONVERSION = YES;
				GCC_WARN_ABOUT_RETURN_TYPE = YES_ERROR;
				GCC_WARN_UNDECLARED_SELECTOR = YES;
				GCC_WARN_UNINITIALIZED_AUTOS = YES_AGGRESSIVE;
				GCC_WARN_UNUSED_FUNCTION = YES;
				GCC_WARN_UNUSED_VARIABLE = YES;
				IPHONEOS_DEPLOYMENT_TARGET = 11.1;
				MTL_ENABLE_DEBUG_INFO = NO;
				SDKROOT = iphoneos;
				SWIFT_OPTIMIZATION_LEVEL = "-Owholemodule";
				VALIDATE_PRODUCT = YES;
			};
			name = Release;
		};
		FE05CC0C1FC914330028FF9C /* Debug */ = {
			isa = XCBuildConfiguration;
			baseConfigurationReference = A9EF95C656A85E74F9FA31C8 /* Pods-Party-DJ.debug.xcconfig */;
			buildSettings = {
				ASSETCATALOG_COMPILER_APPICON_NAME = AppIcon;
				CLANG_ENABLE_MODULES = YES;
				CODE_SIGN_STYLE = Automatic;
				DEVELOPMENT_TEAM = 68PDGMVX63;
				FRAMEWORK_SEARCH_PATHS = (
					"$(inherited)",
					"$(PROJECT_DIR)",
				);
				INFOPLIST_FILE = "Party-DJ/Info.plist";
				LD_RUNPATH_SEARCH_PATHS = "$(inherited) @executable_path/Frameworks";
				OTHER_LDFLAGS = "-ObjC";
				PRODUCT_BUNDLE_IDENTIFIER = "ShanaJ.Party-DJ";
				PRODUCT_NAME = "$(TARGET_NAME)";
				SWIFT_OBJC_BRIDGING_HEADER = "Party-DJ-Bridging-Header.h";
				SWIFT_OPTIMIZATION_LEVEL = "-Onone";
				SWIFT_VERSION = 4.0;
				TARGETED_DEVICE_FAMILY = "1,2";
			};
			name = Debug;
		};
		FE05CC0D1FC914330028FF9C /* Release */ = {
			isa = XCBuildConfiguration;
			baseConfigurationReference = 444C68B9010AD158BBB0A760 /* Pods-Party-DJ.release.xcconfig */;
			buildSettings = {
				ASSETCATALOG_COMPILER_APPICON_NAME = AppIcon;
				CLANG_ENABLE_MODULES = YES;
				CODE_SIGN_STYLE = Automatic;
				DEVELOPMENT_TEAM = 68PDGMVX63;
				FRAMEWORK_SEARCH_PATHS = (
					"$(inherited)",
					"$(PROJECT_DIR)",
				);
				INFOPLIST_FILE = "Party-DJ/Info.plist";
				LD_RUNPATH_SEARCH_PATHS = "$(inherited) @executable_path/Frameworks";
				OTHER_LDFLAGS = "-ObjC";
				PRODUCT_BUNDLE_IDENTIFIER = "ShanaJ.Party-DJ";
				PRODUCT_NAME = "$(TARGET_NAME)";
				SWIFT_OBJC_BRIDGING_HEADER = "Party-DJ-Bridging-Header.h";
				SWIFT_VERSION = 4.0;
				TARGETED_DEVICE_FAMILY = "1,2";
			};
			name = Release;
		};
		FE05CC0F1FC914330028FF9C /* Debug */ = {
			isa = XCBuildConfiguration;
			baseConfigurationReference = 879EC300E8B5C5AEC02560C8 /* Pods-Party-DJTests.debug.xcconfig */;
			buildSettings = {
				ALWAYS_EMBED_SWIFT_STANDARD_LIBRARIES = YES;
				BUNDLE_LOADER = "$(TEST_HOST)";
				CODE_SIGN_STYLE = Automatic;
				DEVELOPMENT_TEAM = 68PDGMVX63;
				INFOPLIST_FILE = "Party-DJTests/Info.plist";
				LD_RUNPATH_SEARCH_PATHS = "$(inherited) @executable_path/Frameworks @loader_path/Frameworks";
				PRODUCT_BUNDLE_IDENTIFIER = "ShanaJ.Party-DJTests";
				PRODUCT_NAME = "$(TARGET_NAME)";
				SWIFT_VERSION = 4.0;
				TARGETED_DEVICE_FAMILY = "1,2";
				TEST_HOST = "$(BUILT_PRODUCTS_DIR)/Party-DJ.app/Party-DJ";
			};
			name = Debug;
		};
		FE05CC101FC914330028FF9C /* Release */ = {
			isa = XCBuildConfiguration;
			baseConfigurationReference = AB6FA75B47FEDE3373FFB52D /* Pods-Party-DJTests.release.xcconfig */;
			buildSettings = {
				ALWAYS_EMBED_SWIFT_STANDARD_LIBRARIES = YES;
				BUNDLE_LOADER = "$(TEST_HOST)";
				CODE_SIGN_STYLE = Automatic;
				DEVELOPMENT_TEAM = 68PDGMVX63;
				INFOPLIST_FILE = "Party-DJTests/Info.plist";
				LD_RUNPATH_SEARCH_PATHS = "$(inherited) @executable_path/Frameworks @loader_path/Frameworks";
				PRODUCT_BUNDLE_IDENTIFIER = "ShanaJ.Party-DJTests";
				PRODUCT_NAME = "$(TARGET_NAME)";
				SWIFT_VERSION = 4.0;
				TARGETED_DEVICE_FAMILY = "1,2";
				TEST_HOST = "$(BUILT_PRODUCTS_DIR)/Party-DJ.app/Party-DJ";
			};
			name = Release;
		};
		FE05CC121FC914330028FF9C /* Debug */ = {
			isa = XCBuildConfiguration;
			baseConfigurationReference = 3522E2FF45FA7D168F7E7C04 /* Pods-Party-DJUITests.debug.xcconfig */;
			buildSettings = {
				ALWAYS_EMBED_SWIFT_STANDARD_LIBRARIES = YES;
				CODE_SIGN_STYLE = Automatic;
				DEVELOPMENT_TEAM = 68PDGMVX63;
				INFOPLIST_FILE = "Party-DJUITests/Info.plist";
				LD_RUNPATH_SEARCH_PATHS = "$(inherited) @executable_path/Frameworks @loader_path/Frameworks";
				PRODUCT_BUNDLE_IDENTIFIER = "ShanaJ.Party-DJUITests";
				PRODUCT_NAME = "$(TARGET_NAME)";
				SWIFT_VERSION = 4.0;
				TARGETED_DEVICE_FAMILY = "1,2";
				TEST_TARGET_NAME = "Party-DJ";
			};
			name = Debug;
		};
		FE05CC131FC914330028FF9C /* Release */ = {
			isa = XCBuildConfiguration;
			baseConfigurationReference = 00E3FE6E6EE9205B82697641 /* Pods-Party-DJUITests.release.xcconfig */;
			buildSettings = {
				ALWAYS_EMBED_SWIFT_STANDARD_LIBRARIES = YES;
				CODE_SIGN_STYLE = Automatic;
				DEVELOPMENT_TEAM = 68PDGMVX63;
				INFOPLIST_FILE = "Party-DJUITests/Info.plist";
				LD_RUNPATH_SEARCH_PATHS = "$(inherited) @executable_path/Frameworks @loader_path/Frameworks";
				PRODUCT_BUNDLE_IDENTIFIER = "ShanaJ.Party-DJUITests";
				PRODUCT_NAME = "$(TARGET_NAME)";
				SWIFT_VERSION = 4.0;
				TARGETED_DEVICE_FAMILY = "1,2";
				TEST_TARGET_NAME = "Party-DJ";
			};
			name = Release;
		};
/* End XCBuildConfiguration section */

/* Begin XCConfigurationList section */
		FE05CBDE1FC914330028FF9C /* Build configuration list for PBXProject "Party-DJ" */ = {
			isa = XCConfigurationList;
			buildConfigurations = (
				FE05CC091FC914330028FF9C /* Debug */,
				FE05CC0A1FC914330028FF9C /* Release */,
			);
			defaultConfigurationIsVisible = 0;
			defaultConfigurationName = Release;
		};
		FE05CC0B1FC914330028FF9C /* Build configuration list for PBXNativeTarget "Party-DJ" */ = {
			isa = XCConfigurationList;
			buildConfigurations = (
				FE05CC0C1FC914330028FF9C /* Debug */,
				FE05CC0D1FC914330028FF9C /* Release */,
			);
			defaultConfigurationIsVisible = 0;
			defaultConfigurationName = Release;
		};
		FE05CC0E1FC914330028FF9C /* Build configuration list for PBXNativeTarget "Party-DJTests" */ = {
			isa = XCConfigurationList;
			buildConfigurations = (
				FE05CC0F1FC914330028FF9C /* Debug */,
				FE05CC101FC914330028FF9C /* Release */,
			);
			defaultConfigurationIsVisible = 0;
			defaultConfigurationName = Release;
		};
		FE05CC111FC914330028FF9C /* Build configuration list for PBXNativeTarget "Party-DJUITests" */ = {
			isa = XCConfigurationList;
			buildConfigurations = (
				FE05CC121FC914330028FF9C /* Debug */,
				FE05CC131FC914330028FF9C /* Release */,
			);
			defaultConfigurationIsVisible = 0;
			defaultConfigurationName = Release;
		};
/* End XCConfigurationList section */
	};
	rootObject = FE05CBDB1FC914330028FF9C /* Project object */;
}
